
Microsoft Visual Studio Solution File, Format Version 12.00
# Visual Studio Version 16
VisualStudioVersion = 16.0.30114.105
MinimumVisualStudioVersion = 10.0.40219.1
Project("{2150E333-8FDC-42A3-9474-1A3956D46DE8}") = "src", "src", "{81A443A2-57DC-4E0A-8F08-93F353F30A18}"
EndProject
Project("{FAE04EC0-301F-11D3-BF4B-00C04F79EFBC}") = "Entities", "src\Entities\Entities.csproj", "{6E023636-7205-4205-9B94-AF709D02BD4F}"
EndProject
Project("{FAE04EC0-301F-11D3-BF4B-00C04F79EFBC}") = "Services", "src\Services\Services.csproj", "{6CCD0520-1D63-4693-9D75-5EA04DEB4300}"
EndProject
Project("{2150E333-8FDC-42A3-9474-1A3956D46DE8}") = "test", "test", "{8F8BD42F-0046-42F6-8BA9-C44BA714EDEF}"
EndProject
Project("{FAE04EC0-301F-11D3-BF4B-00C04F79EFBC}") = "Services.Test", "test\Services\Services.Test.csproj", "{D91BBB48-1999-42DF-A6C0-E8CA39FED8D3}"
EndProject
Project("{FAE04EC0-301F-11D3-BF4B-00C04F79EFBC}") = "Utils", "test\Utils\Utils.csproj", "{24E229FC-A3EA-4E87-831A-A0BB850E4899}"
EndProject
Project("{FAE04EC0-301F-11D3-BF4B-00C04F79EFBC}") = "Controllers", "src\Controllers\Controllers.csproj", "{BAE53E00-BA84-42E1-84A1-B99088AB32F8}"
EndProject
Project("{FAE04EC0-301F-11D3-BF4B-00C04F79EFBC}") = "Controllers.Test", "test\Controllers\Controllers.Test.csproj", "{F20AA7D5-E5F6-438F-AFB4-878B585562E5}"
EndProject
Project("{FAE04EC0-301F-11D3-BF4B-00C04F79EFBC}") = "IoC", "src\IoC\IoC.csproj", "{A8A45510-D86B-41EB-A060-E093E4E4742F}"
EndProject
Project("{2150E333-8FDC-42A3-9474-1A3956D46DE8}") = "IoC", "IoC", "{42CD4899-87E8-4F5F-BAB0-B679C62C9306}"
EndProject
Project("{FAE04EC0-301F-11D3-BF4B-00C04F79EFBC}") = "IoC.Test", "test\IoC\IoC.Test\IoC.Test.csproj", "{6772D47C-7751-49C5-8853-35F7351884D6}"
EndProject
Global
	GlobalSection(SolutionConfigurationPlatforms) = preSolution
		Debug|Any CPU = Debug|Any CPU
		Release|Any CPU = Release|Any CPU
	EndGlobalSection
	GlobalSection(SolutionProperties) = preSolution
		HideSolutionNode = FALSE
	EndGlobalSection
	GlobalSection(ProjectConfigurationPlatforms) = postSolution
		{6E023636-7205-4205-9B94-AF709D02BD4F}.Debug|Any CPU.ActiveCfg = Debug|Any CPU
		{6E023636-7205-4205-9B94-AF709D02BD4F}.Debug|Any CPU.Build.0 = Debug|Any CPU
		{6E023636-7205-4205-9B94-AF709D02BD4F}.Release|Any CPU.ActiveCfg = Release|Any CPU
		{6E023636-7205-4205-9B94-AF709D02BD4F}.Release|Any CPU.Build.0 = Release|Any CPU
		{6CCD0520-1D63-4693-9D75-5EA04DEB4300}.Debug|Any CPU.ActiveCfg = Debug|Any CPU
		{6CCD0520-1D63-4693-9D75-5EA04DEB4300}.Debug|Any CPU.Build.0 = Debug|Any CPU
		{6CCD0520-1D63-4693-9D75-5EA04DEB4300}.Release|Any CPU.ActiveCfg = Release|Any CPU
		{6CCD0520-1D63-4693-9D75-5EA04DEB4300}.Release|Any CPU.Build.0 = Release|Any CPU
		{D91BBB48-1999-42DF-A6C0-E8CA39FED8D3}.Debug|Any CPU.ActiveCfg = Debug|Any CPU
		{D91BBB48-1999-42DF-A6C0-E8CA39FED8D3}.Debug|Any CPU.Build.0 = Debug|Any CPU
		{D91BBB48-1999-42DF-A6C0-E8CA39FED8D3}.Release|Any CPU.ActiveCfg = Release|Any CPU
		{D91BBB48-1999-42DF-A6C0-E8CA39FED8D3}.Release|Any CPU.Build.0 = Release|Any CPU
		{24E229FC-A3EA-4E87-831A-A0BB850E4899}.Debug|Any CPU.ActiveCfg = Debug|Any CPU
		{24E229FC-A3EA-4E87-831A-A0BB850E4899}.Debug|Any CPU.Build.0 = Debug|Any CPU
		{24E229FC-A3EA-4E87-831A-A0BB850E4899}.Release|Any CPU.ActiveCfg = Release|Any CPU
		{24E229FC-A3EA-4E87-831A-A0BB850E4899}.Release|Any CPU.Build.0 = Release|Any CPU
		{BAE53E00-BA84-42E1-84A1-B99088AB32F8}.Debug|Any CPU.ActiveCfg = Debug|Any CPU
		{BAE53E00-BA84-42E1-84A1-B99088AB32F8}.Debug|Any CPU.Build.0 = Debug|Any CPU
		{BAE53E00-BA84-42E1-84A1-B99088AB32F8}.Release|Any CPU.ActiveCfg = Release|Any CPU
		{BAE53E00-BA84-42E1-84A1-B99088AB32F8}.Release|Any CPU.Build.0 = Release|Any CPU
		{F20AA7D5-E5F6-438F-AFB4-878B585562E5}.Debug|Any CPU.ActiveCfg = Debug|Any CPU
		{F20AA7D5-E5F6-438F-AFB4-878B585562E5}.Debug|Any CPU.Build.0 = Debug|Any CPU
		{F20AA7D5-E5F6-438F-AFB4-878B585562E5}.Release|Any CPU.ActiveCfg = Release|Any CPU
		{F20AA7D5-E5F6-438F-AFB4-878B585562E5}.Release|Any CPU.Build.0 = Release|Any CPU
		{A8A45510-D86B-41EB-A060-E093E4E4742F}.Debug|Any CPU.ActiveCfg = Debug|Any CPU
		{A8A45510-D86B-41EB-A060-E093E4E4742F}.Debug|Any CPU.Build.0 = Debug|Any CPU
		{A8A45510-D86B-41EB-A060-E093E4E4742F}.Release|Any CPU.ActiveCfg = Release|Any CPU
		{A8A45510-D86B-41EB-A060-E093E4E4742F}.Release|Any CPU.Build.0 = Release|Any CPU
		{6772D47C-7751-49C5-8853-35F7351884D6}.Debug|Any CPU.ActiveCfg = Debug|Any CPU
		{6772D47C-7751-49C5-8853-35F7351884D6}.Debug|Any CPU.Build.0 = Debug|Any CPU
		{6772D47C-7751-49C5-8853-35F7351884D6}.Release|Any CPU.ActiveCfg = Release|Any CPU
		{6772D47C-7751-49C5-8853-35F7351884D6}.Release|Any CPU.Build.0 = Release|Any CPU
	EndGlobalSection
	GlobalSection(NestedProjects) = preSolution
		{6E023636-7205-4205-9B94-AF709D02BD4F} = {81A443A2-57DC-4E0A-8F08-93F353F30A18}
		{6CCD0520-1D63-4693-9D75-5EA04DEB4300} = {81A443A2-57DC-4E0A-8F08-93F353F30A18}
		{D91BBB48-1999-42DF-A6C0-E8CA39FED8D3} = {8F8BD42F-0046-42F6-8BA9-C44BA714EDEF}
		{24E229FC-A3EA-4E87-831A-A0BB850E4899} = {8F8BD42F-0046-42F6-8BA9-C44BA714EDEF}
		{BAE53E00-BA84-42E1-84A1-B99088AB32F8} = {81A443A2-57DC-4E0A-8F08-93F353F30A18}
		{F20AA7D5-E5F6-438F-AFB4-878B585562E5} = {8F8BD42F-0046-42F6-8BA9-C44BA714EDEF}
		{A8A45510-D86B-41EB-A060-E093E4E4742F} = {81A443A2-57DC-4E0A-8F08-93F353F30A18}
		{42CD4899-87E8-4F5F-BAB0-B679C62C9306} = {8F8BD42F-0046-42F6-8BA9-C44BA714EDEF}
		{6772D47C-7751-49C5-8853-35F7351884D6} = {42CD4899-87E8-4F5F-BAB0-B679C62C9306}
	EndGlobalSection
EndGlobal
